
Microsoft Visual Studio Solution File, Format Version 12.00
# Visual Studio Version 17
VisualStudioVersion = 17.2.32616.157
MinimumVisualStudioVersion = 10.0.40219.1
Project("{FAE04EC0-301F-11D3-BF4B-00C04F79EFBC}") = "WindowsFormsApp2", "WindowsFormsApp2\WindowsFormsApp2.csproj", "{872336B2-3BC0-47E4-BEC8-C1ECB0644322}"
EndProject
Global
	GlobalSection(SolutionConfigurationPlatforms) = preSolution
		Debug|Any CPU = Debug|Any CPU
		Release|Any CPU = Release|Any CPU
	EndGlobalSection
	GlobalSection(ProjectConfigurationPlatforms) = postSolution
		{872336B2-3BC0-47E4-BEC8-C1ECB0644322}.Debug|Any CPU.ActiveCfg = Debug|Any CPU
		{872336B2-3BC0-47E4-BEC8-C1ECB0644322}.Debug|Any CPU.Build.0 = Debug|Any CPU
		{872336B2-3BC0-47E4-BEC8-C1ECB0644322}.Release|Any CPU.ActiveCfg = Release|Any CPU
		{872336B2-3BC0-47E4-BEC8-C1ECB0644322}.Release|Any CPU.Build.0 = Release|Any CPU
	EndGlobalSection
	GlobalSection(SolutionProperties) = preSolution
		HideSolutionNode = FALSE
	EndGlobalSection
	GlobalSection(ExtensibilityGlobals) = postSolution
		SolutionGuid = {7A6CAFB9-18A9-4264-B4E0-A93F75CBF042}
	EndGlobalSection
EndGlobal
